// !$*UTF8*$!
{
	archiveVersion = 1;
	classes = {
	};
	objectVersion = 50;
	objects = {

/* Begin PBXBuildFile section */
		248A41E123C9C15800517AD3 /* AppDelegate.swift in Sources */ = {isa = PBXBuildFile; fileRef = 248A41E023C9C15800517AD3 /* AppDelegate.swift */; };
		248A41E323C9C15800517AD3 /* SceneDelegate.swift in Sources */ = {isa = PBXBuildFile; fileRef = 248A41E223C9C15800517AD3 /* SceneDelegate.swift */; };
		248A41E823C9C15800517AD3 /* Main.storyboard in Resources */ = {isa = PBXBuildFile; fileRef = 248A41E623C9C15800517AD3 /* Main.storyboard */; };
		248A41EA23C9C15900517AD3 /* Assets.xcassets in Resources */ = {isa = PBXBuildFile; fileRef = 248A41E923C9C15900517AD3 /* Assets.xcassets */; };
		248A41ED23C9C15900517AD3 /* LaunchScreen.storyboard in Resources */ = {isa = PBXBuildFile; fileRef = 248A41EB23C9C15900517AD3 /* LaunchScreen.storyboard */; };
		248A41F623C9C35100517AD3 /* Contact.swift in Sources */ = {isa = PBXBuildFile; fileRef = 248A41F523C9C35100517AD3 /* Contact.swift */; };
		248A41FA23C9C6B300517AD3 /* ListViewController.swift in Sources */ = {isa = PBXBuildFile; fileRef = 248A41F823C9C6B300517AD3 /* ListViewController.swift */; };
		248A41FD23C9D0C600517AD3 /* List.swift in Sources */ = {isa = PBXBuildFile; fileRef = 248A41FC23C9D0C600517AD3 /* List.swift */; };
		248A420023C9D31F00517AD3 /* ListViewModel.swift in Sources */ = {isa = PBXBuildFile; fileRef = 248A41FF23C9D31F00517AD3 /* ListViewModel.swift */; };
		248A420323C9D5E100517AD3 /* Extensions.swift in Sources */ = {isa = PBXBuildFile; fileRef = 248A420223C9D5E100517AD3 /* Extensions.swift */; };
		248A420723C9D67E00517AD3 /* ContactCell.swift in Sources */ = {isa = PBXBuildFile; fileRef = 248A420523C9D67E00517AD3 /* ContactCell.swift */; };
		248A420823C9D67E00517AD3 /* ContactCell.xib in Resources */ = {isa = PBXBuildFile; fileRef = 248A420623C9D67E00517AD3 /* ContactCell.xib */; };
		248A420A23CA0C5200517AD3 /* CustomCodable.swift in Sources */ = {isa = PBXBuildFile; fileRef = 248A420923CA0C5200517AD3 /* CustomCodable.swift */; };
		248A420D23CA186700517AD3 /* DataProvider.swift in Sources */ = {isa = PBXBuildFile; fileRef = 248A420C23CA186700517AD3 /* DataProvider.swift */; };
/* End PBXBuildFile section */

/* Begin PBXFileReference section */
		248A41DD23C9C15800517AD3 /* Contacts.app */ = {isa = PBXFileReference; explicitFileType = wrapper.application; includeInIndex = 0; path = Contacts.app; sourceTree = BUILT_PRODUCTS_DIR; };
		248A41E023C9C15800517AD3 /* AppDelegate.swift */ = {isa = PBXFileReference; lastKnownFileType = sourcecode.swift; path = AppDelegate.swift; sourceTree = "<group>"; };
		248A41E223C9C15800517AD3 /* SceneDelegate.swift */ = {isa = PBXFileReference; lastKnownFileType = sourcecode.swift; path = SceneDelegate.swift; sourceTree = "<group>"; };
		248A41E723C9C15800517AD3 /* Base */ = {isa = PBXFileReference; lastKnownFileType = file.storyboard; name = Base; path = Base.lproj/Main.storyboard; sourceTree = "<group>"; };
		248A41E923C9C15900517AD3 /* Assets.xcassets */ = {isa = PBXFileReference; lastKnownFileType = folder.assetcatalog; path = Assets.xcassets; sourceTree = "<group>"; };
		248A41EC23C9C15900517AD3 /* Base */ = {isa = PBXFileReference; lastKnownFileType = file.storyboard; name = Base; path = Base.lproj/LaunchScreen.storyboard; sourceTree = "<group>"; };
		248A41EE23C9C15900517AD3 /* Info.plist */ = {isa = PBXFileReference; lastKnownFileType = text.plist.xml; path = Info.plist; sourceTree = "<group>"; };
		248A41F523C9C35100517AD3 /* Contact.swift */ = {isa = PBXFileReference; lastKnownFileType = sourcecode.swift; path = Contact.swift; sourceTree = "<group>"; };
		248A41F823C9C6B300517AD3 /* ListViewController.swift */ = {isa = PBXFileReference; lastKnownFileType = sourcecode.swift; path = ListViewController.swift; sourceTree = "<group>"; };
		248A41FC23C9D0C600517AD3 /* List.swift */ = {isa = PBXFileReference; lastKnownFileType = sourcecode.swift; path = List.swift; sourceTree = "<group>"; };
		248A41FF23C9D31F00517AD3 /* ListViewModel.swift */ = {isa = PBXFileReference; lastKnownFileType = sourcecode.swift; path = ListViewModel.swift; sourceTree = "<group>"; };
		248A420223C9D5E100517AD3 /* Extensions.swift */ = {isa = PBXFileReference; lastKnownFileType = sourcecode.swift; path = Extensions.swift; sourceTree = "<group>"; };
		248A420523C9D67E00517AD3 /* ContactCell.swift */ = {isa = PBXFileReference; lastKnownFileType = sourcecode.swift; path = ContactCell.swift; sourceTree = "<group>"; };
		248A420623C9D67E00517AD3 /* ContactCell.xib */ = {isa = PBXFileReference; lastKnownFileType = file.xib; path = ContactCell.xib; sourceTree = "<group>"; };
		248A420923CA0C5200517AD3 /* CustomCodable.swift */ = {isa = PBXFileReference; lastKnownFileType = sourcecode.swift; path = CustomCodable.swift; sourceTree = "<group>"; };
		248A420C23CA186700517AD3 /* DataProvider.swift */ = {isa = PBXFileReference; lastKnownFileType = sourcecode.swift; path = DataProvider.swift; sourceTree = "<group>"; };
/* End PBXFileReference section */

/* Begin PBXFrameworksBuildPhase section */
		248A41DA23C9C15800517AD3 /* Frameworks */ = {
			isa = PBXFrameworksBuildPhase;
			buildActionMask = 2147483647;
			files = (
			);
			runOnlyForDeploymentPostprocessing = 0;
		};
/* End PBXFrameworksBuildPhase section */

/* Begin PBXGroup section */
		248A41D423C9C15800517AD3 = {
			isa = PBXGroup;
			children = (
				248A41DF23C9C15800517AD3 /* Contacts */,
				248A41DE23C9C15800517AD3 /* Products */,
			);
			sourceTree = "<group>";
		};
		248A41DE23C9C15800517AD3 /* Products */ = {
			isa = PBXGroup;
			children = (
				248A41DD23C9C15800517AD3 /* Contacts.app */,
			);
			name = Products;
			sourceTree = "<group>";
		};
		248A41DF23C9C15800517AD3 /* Contacts */ = {
			isa = PBXGroup;
			children = (
				248A420B23CA183200517AD3 /* Api */,
				248A420123C9D5D500517AD3 /* Miscelaneous */,
				248A41FE23C9D30C00517AD3 /* ViewModel */,
				248A41F423C9C33C00517AD3 /* Model */,
				248A41F723C9C68400517AD3 /* View */,
				248A41E023C9C15800517AD3 /* AppDelegate.swift */,
				248A41E223C9C15800517AD3 /* SceneDelegate.swift */,
				248A41E623C9C15800517AD3 /* Main.storyboard */,
				248A41E923C9C15900517AD3 /* Assets.xcassets */,
				248A41EB23C9C15900517AD3 /* LaunchScreen.storyboard */,
				248A41EE23C9C15900517AD3 /* Info.plist */,
			);
			path = Contacts;
			sourceTree = "<group>";
		};
		248A41F423C9C33C00517AD3 /* Model */ = {
			isa = PBXGroup;
			children = (
				248A41F523C9C35100517AD3 /* Contact.swift */,
				248A41FC23C9D0C600517AD3 /* List.swift */,
			);
			path = Model;
			sourceTree = "<group>";
		};
		248A41F723C9C68400517AD3 /* View */ = {
			isa = PBXGroup;
			children = (
				248A420423C9D66400517AD3 /* Cells */,
				248A41F823C9C6B300517AD3 /* ListViewController.swift */,
			);
			path = View;
			sourceTree = "<group>";
		};
		248A41FE23C9D30C00517AD3 /* ViewModel */ = {
			isa = PBXGroup;
			children = (
				248A41FF23C9D31F00517AD3 /* ListViewModel.swift */,
			);
			path = ViewModel;
			sourceTree = "<group>";
		};
		248A420123C9D5D500517AD3 /* Miscelaneous */ = {
			isa = PBXGroup;
			children = (
				248A420223C9D5E100517AD3 /* Extensions.swift */,
				248A420923CA0C5200517AD3 /* CustomCodable.swift */,
			);
			path = Miscelaneous;
			sourceTree = "<group>";
		};
		248A420423C9D66400517AD3 /* Cells */ = {
			isa = PBXGroup;
			children = (
				248A420523C9D67E00517AD3 /* ContactCell.swift */,
				248A420623C9D67E00517AD3 /* ContactCell.xib */,
			);
			path = Cells;
			sourceTree = "<group>";
		};
		248A420B23CA183200517AD3 /* Api */ = {
			isa = PBXGroup;
			children = (
				248A420C23CA186700517AD3 /* DataProvider.swift */,
			);
			path = Api;
			sourceTree = "<group>";
		};
/* End PBXGroup section */

/* Begin PBXNativeTarget section */
		248A41DC23C9C15800517AD3 /* Contacts */ = {
			isa = PBXNativeTarget;
			buildConfigurationList = 248A41F123C9C15900517AD3 /* Build configuration list for PBXNativeTarget "Contacts" */;
			buildPhases = (
				248A41D923C9C15800517AD3 /* Sources */,
				248A41DA23C9C15800517AD3 /* Frameworks */,
				248A41DB23C9C15800517AD3 /* Resources */,
			);
			buildRules = (
			);
			dependencies = (
			);
			name = Contacts;
			productName = Contacts;
			productReference = 248A41DD23C9C15800517AD3 /* Contacts.app */;
			productType = "com.apple.product-type.application";
		};
/* End PBXNativeTarget section */

/* Begin PBXProject section */
		248A41D523C9C15800517AD3 /* Project object */ = {
			isa = PBXProject;
			attributes = {
				LastSwiftUpdateCheck = 1110;
				LastUpgradeCheck = 1110;
				ORGANIZATIONNAME = GB;
				TargetAttributes = {
					248A41DC23C9C15800517AD3 = {
						CreatedOnToolsVersion = 11.1;
					};
				};
			};
			buildConfigurationList = 248A41D823C9C15800517AD3 /* Build configuration list for PBXProject "Contacts" */;
			compatibilityVersion = "Xcode 9.3";
			developmentRegion = en;
			hasScannedForEncodings = 0;
			knownRegions = (
				en,
				Base,
			);
			mainGroup = 248A41D423C9C15800517AD3;
			productRefGroup = 248A41DE23C9C15800517AD3 /* Products */;
			projectDirPath = "";
			projectRoot = "";
			targets = (
				248A41DC23C9C15800517AD3 /* Contacts */,
			);
		};
/* End PBXProject section */

/* Begin PBXResourcesBuildPhase section */
		248A41DB23C9C15800517AD3 /* Resources */ = {
			isa = PBXResourcesBuildPhase;
			buildActionMask = 2147483647;
			files = (
				248A420823C9D67E00517AD3 /* ContactCell.xib in Resources */,
				248A41ED23C9C15900517AD3 /* LaunchScreen.storyboard in Resources */,
				248A41EA23C9C15900517AD3 /* Assets.xcassets in Resources */,
				248A41E823C9C15800517AD3 /* Main.storyboard in Resources */,
			);
			runOnlyForDeploymentPostprocessing = 0;
		};
/* End PBXResourcesBuildPhase section */

/* Begin PBXSourcesBuildPhase section */
		248A41D923C9C15800517AD3 /* Sources */ = {
			isa = PBXSourcesBuildPhase;
			buildActionMask = 2147483647;
			files = (
				248A420723C9D67E00517AD3 /* ContactCell.swift in Sources */,
				248A41F623C9C35100517AD3 /* Contact.swift in Sources */,
				248A420D23CA186700517AD3 /* DataProvider.swift in Sources */,
				248A41E123C9C15800517AD3 /* AppDelegate.swift in Sources */,
				248A420023C9D31F00517AD3 /* ListViewModel.swift in Sources */,
				248A41FA23C9C6B300517AD3 /* ListViewController.swift in Sources */,
				248A41FD23C9D0C600517AD3 /* List.swift in Sources */,
				248A420A23CA0C5200517AD3 /* CustomCodable.swift in Sources */,
				248A41E323C9C15800517AD3 /* SceneDelegate.swift in Sources */,
				248A420323C9D5E100517AD3 /* Extensions.swift in Sources */,
			);
			runOnlyForDeploymentPostprocessing = 0;
		};
/* End PBXSourcesBuildPhase section */

/* Begin PBXVariantGroup section */
		248A41E623C9C15800517AD3 /* Main.storyboard */ = {
			isa = PBXVariantGroup;
			children = (
				248A41E723C9C15800517AD3 /* Base */,
			);
			name = Main.storyboard;
			sourceTree = "<group>";
		};
		248A41EB23C9C15900517AD3 /* LaunchScreen.storyboard */ = {
			isa = PBXVariantGroup;
			children = (
				248A41EC23C9C15900517AD3 /* Base */,
			);
			name = LaunchScreen.storyboard;
			sourceTree = "<group>";
		};
/* End PBXVariantGroup section */

/* Begin XCBuildConfiguration section */
		248A41EF23C9C15900517AD3 /* Debug */ = {
			isa = XCBuildConfiguration;
			buildSettings = {
				ALWAYS_SEARCH_USER_PATHS = NO;
				CLANG_ANALYZER_NONNULL = YES;
				CLANG_ANALYZER_NUMBER_OBJECT_CONVERSION = YES_AGGRESSIVE;
				CLANG_CXX_LANGUAGE_STANDARD = "gnu++14";
				CLANG_CXX_LIBRARY = "libc++";
				CLANG_ENABLE_MODULES = YES;
				CLANG_ENABLE_OBJC_ARC = YES;
				CLANG_ENABLE_OBJC_WEAK = YES;
				CLANG_WARN_BLOCK_CAPTURE_AUTORELEASING = YES;
				CLANG_WARN_BOOL_CONVERSION = YES;
				CLANG_WARN_COMMA = YES;
				CLANG_WARN_CONSTANT_CONVERSION = YES;
				CLANG_WARN_DEPRECATED_OBJC_IMPLEMENTATIONS = YES;
				CLANG_WARN_DIRECT_OBJC_ISA_USAGE = YES_ERROR;
				CLANG_WARN_DOCUMENTATION_COMMENTS = YES;
				CLANG_WARN_EMPTY_BODY = YES;
				CLANG_WARN_ENUM_CONVERSION = YES;
				CLANG_WARN_INFINITE_RECURSION = YES;
				CLANG_WARN_INT_CONVERSION = YES;
				CLANG_WARN_NON_LITERAL_NULL_CONVERSION = YES;
				CLANG_WARN_OBJC_IMPLICIT_RETAIN_SELF = YES;
				CLANG_WARN_OBJC_LITERAL_CONVERSION = YES;
				CLANG_WARN_OBJC_ROOT_CLASS = YES_ERROR;
				CLANG_WARN_RANGE_LOOP_ANALYSIS = YES;
				CLANG_WARN_STRICT_PROTOTYPES = YES;
				CLANG_WARN_SUSPICIOUS_MOVE = YES;
				CLANG_WARN_UNGUARDED_AVAILABILITY = YES_AGGRESSIVE;
				CLANG_WARN_UNREACHABLE_CODE = YES;
				CLANG_WARN__DUPLICATE_METHOD_MATCH = YES;
				COPY_PHASE_STRIP = NO;
				DEBUG_INFORMATION_FORMAT = dwarf;
				ENABLE_STRICT_OBJC_MSGSEND = YES;
				ENABLE_TESTABILITY = YES;
				GCC_C_LANGUAGE_STANDARD = gnu11;
				GCC_DYNAMIC_NO_PIC = NO;
				GCC_NO_COMMON_BLOCKS = YES;
				GCC_OPTIMIZATION_LEVEL = 0;
				GCC_PREPROCESSOR_DEFINITIONS = (
					"DEBUG=1",
					"$(inherited)",
				);
				GCC_WARN_64_TO_32_BIT_CONVERSION = YES;
				GCC_WARN_ABOUT_RETURN_TYPE = YES_ERROR;
				GCC_WARN_UNDECLARED_SELECTOR = YES;
				GCC_WARN_UNINITIALIZED_AUTOS = YES_AGGRESSIVE;
				GCC_WARN_UNUSED_FUNCTION = YES;
				GCC_WARN_UNUSED_VARIABLE = YES;
				IPHONEOS_DEPLOYMENT_TARGET = 13.1;
				MTL_ENABLE_DEBUG_INFO = INCLUDE_SOURCE;
				MTL_FAST_MATH = YES;
				ONLY_ACTIVE_ARCH = YES;
				SDKROOT = iphoneos;
				SWIFT_ACTIVE_COMPILATION_CONDITIONS = DEBUG;
				SWIFT_OPTIMIZATION_LEVEL = "-Onone";
			};
			name = Debug;
		};
		248A41F023C9C15900517AD3 /* Release */ = {
			isa = XCBuildConfiguration;
			buildSettings = {
				ALWAYS_SEARCH_USER_PATHS = NO;
				CLANG_ANALYZER_NONNULL = YES;
				CLANG_ANALYZER_NUMBER_OBJECT_CONVERSION = YES_AGGRESSIVE;
				CLANG_CXX_LANGUAGE_STANDARD = "gnu++14";
				CLANG_CXX_LIBRARY = "libc++";
				CLANG_ENABLE_MODULES = YES;
				CLANG_ENABLE_OBJC_ARC = YES;
				CLANG_ENABLE_OBJC_WEAK = YES;
				CLANG_WARN_BLOCK_CAPTURE_AUTORELEASING = YES;
				CLANG_WARN_BOOL_CONVERSION = YES;
				CLANG_WARN_COMMA = YES;
				CLANG_WARN_CONSTANT_CONVERSION = YES;
				CLANG_WARN_DEPRECATED_OBJC_IMPLEMENTATIONS = YES;
				CLANG_WARN_DIRECT_OBJC_ISA_USAGE = YES_ERROR;
				CLANG_WARN_DOCUMENTATION_COMMENTS = YES;
				CLANG_WARN_EMPTY_BODY = YES;
				CLANG_WARN_ENUM_CONVERSION = YES;
				CLANG_WARN_INFINITE_RECURSION = YES;
				CLANG_WARN_INT_CONVERSION = YES;
				CLANG_WARN_NON_LITERAL_NULL_CONVERSION = YES;
				CLANG_WARN_OBJC_IMPLICIT_RETAIN_SELF = YES;
				CLANG_WARN_OBJC_LITERAL_CONVERSION = YES;
				CLANG_WARN_OBJC_ROOT_CLASS = YES_ERROR;
				CLANG_WARN_RANGE_LOOP_ANALYSIS = YES;
				CLANG_WARN_STRICT_PROTOTYPES = YES;
				CLANG_WARN_SUSPICIOUS_MOVE = YES;
				CLANG_WARN_UNGUARDED_AVAILABILITY = YES_AGGRESSIVE;
				CLANG_WARN_UNREACHABLE_CODE = YES;
				CLANG_WARN__DUPLICATE_METHOD_MATCH = YES;
				COPY_PHASE_STRIP = NO;
				DEBUG_INFORMATION_FORMAT = "dwarf-with-dsym";
				ENABLE_NS_ASSERTIONS = NO;
				ENABLE_STRICT_OBJC_MSGSEND = YES;
				GCC_C_LANGUAGE_STANDARD = gnu11;
				GCC_NO_COMMON_BLOCKS = YES;
				GCC_WARN_64_TO_32_BIT_CONVERSION = YES;
				GCC_WARN_ABOUT_RETURN_TYPE = YES_ERROR;
				GCC_WARN_UNDECLARED_SELECTOR = YES;
				GCC_WARN_UNINITIALIZED_AUTOS = YES_AGGRESSIVE;
				GCC_WARN_UNUSED_FUNCTION = YES;
				GCC_WARN_UNUSED_VARIABLE = YES;
				IPHONEOS_DEPLOYMENT_TARGET = 13.1;
				MTL_ENABLE_DEBUG_INFO = NO;
				MTL_FAST_MATH = YES;
				SDKROOT = iphoneos;
				SWIFT_COMPILATION_MODE = wholemodule;
				SWIFT_OPTIMIZATION_LEVEL = "-O";
				VALIDATE_PRODUCT = YES;
			};
			name = Release;
		};
		248A41F223C9C15900517AD3 /* Debug */ = {
			isa = XCBuildConfiguration;
			buildSettings = {
				ASSETCATALOG_COMPILER_APPICON_NAME = AppIcon;
				CODE_SIGN_STYLE = Automatic;
				DEVELOPMENT_TEAM = XA8M8V7ZL4;
				INFOPLIST_FILE = Contacts/Info.plist;
				LD_RUNPATH_SEARCH_PATHS = (
					"$(inherited)",
					"@executable_path/Frameworks",
				);
				PRODUCT_BUNDLE_IDENTIFIER = GB.Contacts;
				PRODUCT_NAME = "$(TARGET_NAME)";
				SWIFT_VERSION = 5.0;
				TARGETED_DEVICE_FAMILY = "1,2";
			};
			name = Debug;
		};
		248A41F323C9C15900517AD3 /* Release */ = {
			isa = XCBuildConfiguration;
			buildSettings = {
				ASSETCATALOG_COMPILER_APPICON_NAME = AppIcon;
				CODE_SIGN_STYLE = Automatic;
				DEVELOPMENT_TEAM = XA8M8V7ZL4;
				INFOPLIST_FILE = Contacts/Info.plist;
				LD_RUNPATH_SEARCH_PATHS = (
					"$(inherited)",
					"@executable_path/Frameworks",
				);
				PRODUCT_BUNDLE_IDENTIFIER = GB.Contacts;
				PRODUCT_NAME = "$(TARGET_NAME)";
				SWIFT_VERSION = 5.0;
				TARGETED_DEVICE_FAMILY = "1,2";
			};
			name = Release;
		};
/* End XCBuildConfiguration section */

/* Begin XCConfigurationList section */
		248A41D823C9C15800517AD3 /* Build configuration list for PBXProject "Contacts" */ = {
			isa = XCConfigurationList;
			buildConfigurations = (
				248A41EF23C9C15900517AD3 /* Debug */,
				248A41F023C9C15900517AD3 /* Release */,
			);
			defaultConfigurationIsVisible = 0;
			defaultConfigurationName = Release;
		};
		248A41F123C9C15900517AD3 /* Build configuration list for PBXNativeTarget "Contacts" */ = {
			isa = XCConfigurationList;
			buildConfigurations = (
				248A41F223C9C15900517AD3 /* Debug */,
				248A41F323C9C15900517AD3 /* Release */,
			);
			defaultConfigurationIsVisible = 0;
			defaultConfigurationName = Release;
		};
/* End XCConfigurationList section */
	};
	rootObject = 248A41D523C9C15800517AD3 /* Project object */;
}
